
Microsoft Visual Studio Solution File, Format Version 12.00
# Visual Studio Version 17
VisualStudioVersion = 17.8.34309.116
MinimumVisualStudioVersion = 10.0.40219.1
Project("{9A19103F-16F7-4668-BE54-9A1E7A4F7556}") = "StudentsManagement", "StudentsManagement\StudentsManagement\StudentsManagement.csproj", "{438AE6E3-10F0-47B2-8AE3-212E0B321496}"
EndProject
Project("{9A19103F-16F7-4668-BE54-9A1E7A4F7556}") = "StudentsManagement.Client", "StudentsManagement\StudentsManagement.Client\StudentsManagement.Client.csproj", "{08C6CAC1-36F7-4D48-876E-396C17BCF3FB}"
EndProject
Project("{9A19103F-16F7-4668-BE54-9A1E7A4F7556}") = "StudentsManagement.Shared", "StudentManagement.Shared\StudentsManagement.Shared.csproj", "{21A0C7C3-2525-4A82-BE02-66749E890998}"
EndProject
Global
	GlobalSection(SolutionConfigurationPlatforms) = preSolution
		Debug|Any CPU = Debug|Any CPU
		Release|Any CPU = Release|Any CPU
	EndGlobalSection
	GlobalSection(ProjectConfigurationPlatforms) = postSolution
		{438AE6E3-10F0-47B2-8AE3-212E0B321496}.Debug|Any CPU.ActiveCfg = Debug|Any CPU
		{438AE6E3-10F0-47B2-8AE3-212E0B321496}.Debug|Any CPU.Build.0 = Debug|Any CPU
		{438AE6E3-10F0-47B2-8AE3-212E0B321496}.Release|Any CPU.ActiveCfg = Release|Any CPU
		{438AE6E3-10F0-47B2-8AE3-212E0B321496}.Release|Any CPU.Build.0 = Release|Any CPU
		{08C6CAC1-36F7-4D48-876E-396C17BCF3FB}.Debug|Any CPU.ActiveCfg = Debug|Any CPU
		{08C6CAC1-36F7-4D48-876E-396C17BCF3FB}.Debug|Any CPU.Build.0 = Debug|Any CPU
		{08C6CAC1-36F7-4D48-876E-396C17BCF3FB}.Release|Any CPU.ActiveCfg = Release|Any CPU
		{08C6CAC1-36F7-4D48-876E-396C17BCF3FB}.Release|Any CPU.Build.0 = Release|Any CPU
		{21A0C7C3-2525-4A82-BE02-66749E890998}.Debug|Any CPU.ActiveCfg = Debug|Any CPU
		{21A0C7C3-2525-4A82-BE02-66749E890998}.Debug|Any CPU.Build.0 = Debug|Any CPU
		{21A0C7C3-2525-4A82-BE02-66749E890998}.Release|Any CPU.ActiveCfg = Release|Any CPU
		{21A0C7C3-2525-4A82-BE02-66749E890998}.Release|Any CPU.Build.0 = Release|Any CPU
	EndGlobalSection
	GlobalSection(SolutionProperties) = preSolution
		HideSolutionNode = FALSE
	EndGlobalSection
	GlobalSection(ExtensibilityGlobals) = postSolution
		SolutionGuid = {0617CC8E-CA67-45BD-A471-E77B4CCBD676}
	EndGlobalSection
EndGlobal
